
Microsoft Visual Studio Solution File, Format Version 12.00
# Visual Studio Version 17
VisualStudioVersion = 17.7.34031.279
MinimumVisualStudioVersion = 10.0.40219.1
Project("{FAE04EC0-301F-11D3-BF4B-00C04F79EFBC}") = "MassAutoGarage", "MassAutoGarage\MassAutoGarage.csproj", "{B7AE297B-57E5-41E8-A945-99946621EFAE}"
EndProject
Global
	GlobalSection(SolutionConfigurationPlatforms) = preSolution
		Debug|Any CPU = Debug|Any CPU
		Release|Any CPU = Release|Any CPU
	EndGlobalSection
	GlobalSection(ProjectConfigurationPlatforms) = postSolution
		{B7AE297B-57E5-41E8-A945-99946621EFAE}.Debug|Any CPU.ActiveCfg = Debug|Any CPU
		{B7AE297B-57E5-41E8-A945-99946621EFAE}.Debug|Any CPU.Build.0 = Debug|Any CPU
		{B7AE297B-57E5-41E8-A945-99946621EFAE}.Release|Any CPU.ActiveCfg = Release|Any CPU
		{B7AE297B-57E5-41E8-A945-99946621EFAE}.Release|Any CPU.Build.0 = Release|Any CPU
	EndGlobalSection
	GlobalSection(SolutionProperties) = preSolution
		HideSolutionNode = FALSE
	EndGlobalSection
	GlobalSection(ExtensibilityGlobals) = postSolution
		SolutionGuid = {E1D98754-DA37-4782-9EAF-CDABD6C02C57}
	EndGlobalSection
EndGlobal
